
Microsoft Visual Studio Solution File, Format Version 12.00
# Visual Studio Version 16
VisualStudioVersion = 16.0.31019.35
MinimumVisualStudioVersion = 10.0.40219.1
Project("{FAE04EC0-301F-11D3-BF4B-00C04F79EFBC}") = "HomeWork3_1", "HomeWork3\HomeWork3_1.csproj", "{3D87F0FE-1471-4310-B24D-2A74296638FE}"
EndProject
Project("{FAE04EC0-301F-11D3-BF4B-00C04F79EFBC}") = "HomeWork3_2", "HomeWork3_2\HomeWork3_2.csproj", "{A4F243A3-C9A0-4CBB-851B-70B6BADC88FD}"
EndProject
Global
	GlobalSection(SolutionConfigurationPlatforms) = preSolution
		Debug|Any CPU = Debug|Any CPU
		Release|Any CPU = Release|Any CPU
	EndGlobalSection
	GlobalSection(ProjectConfigurationPlatforms) = postSolution
		{3D87F0FE-1471-4310-B24D-2A74296638FE}.Debug|Any CPU.ActiveCfg = Debug|Any CPU
		{3D87F0FE-1471-4310-B24D-2A74296638FE}.Debug|Any CPU.Build.0 = Debug|Any CPU
		{3D87F0FE-1471-4310-B24D-2A74296638FE}.Release|Any CPU.ActiveCfg = Release|Any CPU
		{3D87F0FE-1471-4310-B24D-2A74296638FE}.Release|Any CPU.Build.0 = Release|Any CPU
		{A4F243A3-C9A0-4CBB-851B-70B6BADC88FD}.Debug|Any CPU.ActiveCfg = Debug|Any CPU
		{A4F243A3-C9A0-4CBB-851B-70B6BADC88FD}.Debug|Any CPU.Build.0 = Debug|Any CPU
		{A4F243A3-C9A0-4CBB-851B-70B6BADC88FD}.Release|Any CPU.ActiveCfg = Release|Any CPU
		{A4F243A3-C9A0-4CBB-851B-70B6BADC88FD}.Release|Any CPU.Build.0 = Release|Any CPU
	EndGlobalSection
	GlobalSection(SolutionProperties) = preSolution
		HideSolutionNode = FALSE
	EndGlobalSection
	GlobalSection(ExtensibilityGlobals) = postSolution
		SolutionGuid = {7E033D3E-7202-42DD-A5B0-95442FD1542C}
	EndGlobalSection
EndGlobal
