
Microsoft Visual Studio Solution File, Format Version 12.00
# Visual Studio Version 16
VisualStudioVersion = 16.0.31019.35
MinimumVisualStudioVersion = 10.0.40219.1
Project("{FAE04EC0-301F-11D3-BF4B-00C04F79EFBC}") = "HomeWork4_1", "HomeWork4_1\HomeWork4_1.csproj", "{B7B6CE61-65DE-40B4-BC4F-D78B6842D5AE}"
EndProject
Project("{FAE04EC0-301F-11D3-BF4B-00C04F79EFBC}") = "HomeWork4_2", "HomeWork4_2\HomeWork4_2.csproj", "{7B4F2345-EDE7-4707-8447-AF722F92F0D1}"
EndProject
Global
	GlobalSection(SolutionConfigurationPlatforms) = preSolution
		Debug|Any CPU = Debug|Any CPU
		Release|Any CPU = Release|Any CPU
	EndGlobalSection
	GlobalSection(ProjectConfigurationPlatforms) = postSolution
		{B7B6CE61-65DE-40B4-BC4F-D78B6842D5AE}.Debug|Any CPU.ActiveCfg = Debug|Any CPU
		{B7B6CE61-65DE-40B4-BC4F-D78B6842D5AE}.Debug|Any CPU.Build.0 = Debug|Any CPU
		{B7B6CE61-65DE-40B4-BC4F-D78B6842D5AE}.Release|Any CPU.ActiveCfg = Release|Any CPU
		{B7B6CE61-65DE-40B4-BC4F-D78B6842D5AE}.Release|Any CPU.Build.0 = Release|Any CPU
		{7B4F2345-EDE7-4707-8447-AF722F92F0D1}.Debug|Any CPU.ActiveCfg = Debug|Any CPU
		{7B4F2345-EDE7-4707-8447-AF722F92F0D1}.Debug|Any CPU.Build.0 = Debug|Any CPU
		{7B4F2345-EDE7-4707-8447-AF722F92F0D1}.Release|Any CPU.ActiveCfg = Release|Any CPU
		{7B4F2345-EDE7-4707-8447-AF722F92F0D1}.Release|Any CPU.Build.0 = Release|Any CPU
	EndGlobalSection
	GlobalSection(SolutionProperties) = preSolution
		HideSolutionNode = FALSE
	EndGlobalSection
	GlobalSection(ExtensibilityGlobals) = postSolution
		SolutionGuid = {1D62D856-59C4-4E0E-99BE-636A7027706B}
	EndGlobalSection
EndGlobal
